{
    "_meta": {
        "hash": {
            "sha256": "4619fb1fa6c79ee0d93ac69e727db61bfc9e59c54cfb23ad6194f7e22b00cd84"
        },
        "pipfile-spec": 6,
        "requires": {},
        "sources": [
            {
                "name": "pypi",
                "url": "https://pypi.org/simple",
                "verify_ssl": true
            }
        ]
    },
    "default": {
        "coniql": {
            "editable": true,
            "path": "."
        },
        "sanitized-package": {
            "editable": true,
            "path": "."
        }
    },
    "develop": {
        "certifi": {
            "hashes": [
                "sha256:35824b4c3a97115964b408844d64aa14db1cc518f6562e8d7261699d1350a9e3",
                "sha256:4ad3232f5e926d6718ec31cfc1fcadfde020920e278684144551c91769c7bc18"
            ],
            "index": "pypi",
            "version": "==2022.12.7"
        },
        "coniql": {
            "editable": true,
            "path": "."
        },
        "sanitized-package": {
            "editable": true,
            "path": "."
        }
    }
}
